// !$*UTF8*$!
{
	archiveVersion = 1;
	classes = {};
	objectVersion = 56;
	objects = {
		006940F2D8E280D5DAB99881 = {isa = PBXFileReference; lastKnownFileType = sourcecode.c.objc; path = "SoilAdsUI.m"; sourceTree = "<group>"; };
		00F7D7051F49C28E644ECC46 = {isa = XCConfigurationList; buildConfigurations = (34611B8B2FDF94CC5F058BE6, ); defaultConfigurationIsVisible = 0; defaultConfigurationName = Debug; };
		059E60E1192A896E46EC3C3C = {isa = PBXBuildFile; fileRef = 206FEF038F1C6F2B03631A15; };
		068A84D57A0BF2FEB466CD3B = {isa = PBXGroup; children = (187F3985332CB1E3FC034529, 33A303C5F566F7F92A0D8014, 234D6EDBA6A887A5FBA1D095,); path = "HostApp"; sourceTree = SOURCE_ROOT; };
		13E4235D5BC3295802597D8D = {isa = PBXFileReference; lastKnownFileType = file; path = "audio_only.m4a"; sourceTree = "<group>"; };
		165270D7F817EA11054D9809 = {isa = PBXBuildFile; fileRef = C6E9B1D754E69C621FD00DFE; settings = {COMPILER_FLAGS = "-fobjc-arc"; }; };
		187F3985332CB1E3FC034529 = {isa = PBXFileReference; lastKnownFileType = sourcecode.c.h; path = "UnityStubs.h"; sourceTree = "<group>"; };
		206FEF038F1C6F2B03631A15 = {isa = PBXFileReference; lastKnownFileType = image.jpeg; path = "logo.jpg"; sourceTree = "<group>"; };
		213ECC9BC59167C0CCD17978 = {isa = PBXFileReference; lastKnownFileType = sourcecode.c.objc; path = "SoilAdsTypes.m"; sourceTree = "<group>"; };
		22D4CEF7E62CBD908EA1AFAE = {isa = PBXFileReference; lastKnownFileType = sourcecode.c.objc; path = "SoilAdsBridgeTests.m"; sourceTree = "<group>"; };
		234D6EDBA6A887A5FBA1D095 = {isa = PBXFileReference; lastKnownFileType = sourcecode.c.objc; path = "main.m"; sourceTree = "<group>"; };
		24FE3D5DC3CBEA45AB0ABD8F = {isa = PBXFileReference; lastKnownFileType = image.png; path = "image.png"; sourceTree = "<group>"; };
		2845BC0AB5CD63F01EC40047 = {isa = PBXFileReference; lastKnownFileType = sourcecode.c.objc; path = "SoilAdsBannerView.m"; sourceTree = "<group>"; };
		2A9B7FBC79327430296BC1CB = {isa = PBXBuildFile; fileRef = FCD2FCA23117F684506506D3; settings = {COMPILER_FLAGS = "-fobjc-arc"; }; };
		2AC8BA37DAC32D5437812408 = {isa = PBXGroup; children = (ED8A374E8EFF87D55770A453, 5B725AEB72F2B1FD3EEFF374, ); name = Products; sourceTree = "<group>"; };
		2D25B1EB5D02847D4B182C4D = {isa = PBXFileReference; lastKnownFileType = sourcecode.c.h; path = "SoilAdsCreative.h"; sourceTree = "<group>"; };
		30F535447FFAE2F459BC2673 = {isa = PBXFileReference; lastKnownFileType = sourcecode.c.h; path = "SoilAdsManager.h"; sourceTree = "<group>"; };
		3184AC997C8F88876EF76A8C = {isa = PBXGroup; children = (22D4CEF7E62CBD908EA1AFAE, 48DC3B621DA038013218A01B, 6C07BF80D40C092A048E2F4C, 519B5FC0F82C5373EE1B77B6, DB3A02C637926599736AADD4, 921BD546B6F9F06823EF6867,); path = "Tests"; sourceTree = SOURCE_ROOT; };
		32E72C2E57C90759F79A868E = {isa = PBXFileReference; lastKnownFileType = sourcecode.c.h; path = "SoilAdsLockPolicy.h"; sourceTree = "<group>"; };
		33A303C5F566F7F92A0D8014 = {isa = PBXFileReference; lastKnownFileType = sourcecode.c.objc; path = "UnityStubs.m"; sourceTree = "<group>"; };
		34611B8B2FDF94CC5F058BE6 = {isa = XCBuildConfiguration; buildSettings = {PRODUCT_NAME = "SoilAdsHost"; PRODUCT_BUNDLE_IDENTIFIER = "com.flyingacorn.soil.ads.harness"; GENERATE_INFOPLIST_FILE = "YES"; INFOPLIST_KEY_UILaunchScreen_Generation = "YES"; INFOPLIST_KEY_UISupportedInterfaceOrientations = "UIInterfaceOrientationPortrait UIInterfaceOrientationLandscapeLeft UIInterfaceOrientationLandscapeRight"; INFOPLIST_KEY_UISupportedInterfaceOrientations_iPad = "UIInterfaceOrientationPortrait UIInterfaceOrientationPortraitUpsideDown UIInterfaceOrientationLandscapeLeft UIInterfaceOrientationLandscapeRight"; GCC_ENABLE_OBJC_EXCEPTIONS = "NO"; WARNING_CFLAGS = ("-Wall", "-Wextra", "-Wpedantic", "-Wno-unused-parameter", "-Wmissing-prototypes", "-Wunguarded-availability",); GCC_TREAT_WARNINGS_AS_ERRORS = "YES";}; name = Debug; };
		3522A87A46300F7FA87E338C = {isa = PBXFileReference; lastKnownFileType = sourcecode.c.h; path = "SoilAdsMediaLoader.h"; sourceTree = "<group>"; };
		4097F1BD1DC04BB6ED5B3E1B = {isa = PBXFileReference; lastKnownFileType = file; path = "video.mp4"; sourceTree = "<group>"; };
		42C855052460005208ECA01B = {isa = PBXFileReference; lastKnownFileType = sourcecode.c.h; path = "SoilAdsFullscreenViewController.h"; sourceTree = "<group>"; };
		431387EB7262E1CFC79B125E = {isa = PBXContainerItemProxy; containerPortal = 46F86FAA6BBF9AC94A7E4595; proxyType = 1; remoteGlobalIDString = D5A7FBF743DA780A0CF06F3E; remoteInfo = SoilAdsHost; };
		45DBCAE26EB53F99B2F6511D = {isa = PBXBuildFile; fileRef = E428FA09BCF7489E1C694A47; settings = {COMPILER_FLAGS = "-fobjc-arc"; }; };
		46F86FAA6BBF9AC94A7E4595 = {isa = PBXProject; attributes = {LastUpgradeCheck = 1600; TargetAttributes = {4B5EEFFA795B6C337B7C8B7F = {TestTargetID = D5A7FBF743DA780A0CF06F3E; }; }; }; buildConfigurationList = A1806D8FE767B99D399E13F3; compatibilityVersion = "Xcode 14.0"; developmentRegion = en; hasScannedForEncodings = 0; knownRegions = (en, Base, ); mainGroup = 4EAE695AD1F489F78EA3E1C6; productRefGroup = 2AC8BA37DAC32D5437812408; projectDirPath = ""; projectRoot = ""; targets = (D5A7FBF743DA780A0CF06F3E, 4B5EEFFA795B6C337B7C8B7F, ); };
		481C9A5ED611C72D939C0CE6 = {isa = PBXBuildFile; fileRef = 33A303C5F566F7F92A0D8014; };
		4859AAD21B969A1D5B09E206 = {isa = PBXBuildFile; fileRef = 24FE3D5DC3CBEA45AB0ABD8F; };
		48DC3B621DA038013218A01B = {isa = PBXFileReference; lastKnownFileType = sourcecode.c.objc; path = "SoilAdsCreativeTests.m"; sourceTree = "<group>"; };
		4B5EEFFA795B6C337B7C8B7F = {isa = PBXNativeTarget; buildConfigurationList = AB87E83E2ECA1088821615D7; buildPhases = (F709AF24D7E79D5860965FC7, CA2E18C6E160283E66609ED5, 6F9278B11C4A06D00DAA288E,); buildRules = (); dependencies = (E54DEBD65D8142E7785275AA, ); name = SoilAdsTests; productName = SoilAdsTests; productReference = 5B725AEB72F2B1FD3EEFF374; productType = "com.apple.product-type.bundle.unit-test"; };
		4EAE695AD1F489F78EA3E1C6 = {isa = PBXGroup; children = (A0D8BDAEEED74F860AC8848A, 068A84D57A0BF2FEB466CD3B, 3184AC997C8F88876EF76A8C, 78293C213848B86FA7E3E3C8, 2AC8BA37DAC32D5437812408,); sourceTree = "<group>"; };
		519B5FC0F82C5373EE1B77B6 = {isa = PBXFileReference; lastKnownFileType = sourcecode.c.objc; path = "SoilAdsManagerTests.m"; sourceTree = "<group>"; };
		51D80082A37320DE4C325740 = {isa = PBXFileReference; lastKnownFileType = sourcecode.c.objc; path = "SoilAdsUnityBridge.m"; sourceTree = "<group>"; };
		5B725AEB72F2B1FD3EEFF374 = {isa = PBXFileReference; explicitFileType = wrapper.cfbundle; includeInIndex = 0; path = "SoilAdsTests.xctest"; sourceTree = BUILT_PRODUCTS_DIR; };
		5F890C94D2D8152C55FB7F61 = {isa = PBXFileReference; lastKnownFileType = sourcecode.c.objc; path = "SoilAdsCreative.m"; sourceTree = "<group>"; };
		66AEF6AEB18D94B8DC7A55E2 = {isa = PBXBuildFile; fileRef = 719B23AF48CCA5E5F5528729; };
		6C07BF80D40C092A048E2F4C = {isa = PBXFileReference; lastKnownFileType = sourcecode.c.objc; path = "SoilAdsLockPolicyTests.m"; sourceTree = "<group>"; };
		6F15B260B58D1C25B061224F = {isa = PBXBuildFile; fileRef = 234D6EDBA6A887A5FBA1D095; };
		6F9278B11C4A06D00DAA288E = {isa = PBXResourcesBuildPhase; buildActionMask = 2147483647; files = (CB5C684AD3040DFFE0F49AD6, 66AEF6AEB18D94B8DC7A55E2, FDE75BCD43611381F868F921, 4859AAD21B969A1D5B09E206, 059E60E1192A896E46EC3C3C, 855658DB1D82D40E4D6811DD,); runOnlyForDeploymentPostprocessing = 0; };
		719B23AF48CCA5E5F5528729 = {isa = PBXFileReference; lastKnownFileType = file; path = "broken.mp4"; sourceTree = "<group>"; };
		78293C213848B86FA7E3E3C8 = {isa = PBXGroup; children = (13E4235D5BC3295802597D8D, 719B23AF48CCA5E5F5528729, A188127512C66D57A23DD573, 24FE3D5DC3CBEA45AB0ABD8F, 206FEF038F1C6F2B03631A15, 4097F1BD1DC04BB6ED5B3E1B,); path = "Tests/Resources"; sourceTree = SOURCE_ROOT; };
		7FCA17D22EC70981D4FF3AE5 = {isa = PBXFileReference; lastKnownFileType = sourcecode.c.h; path = "SoilAdsTypes.h"; sourceTree = "<group>"; };
		83FF09A9489DBEA664BB596E = {isa = PBXFrameworksBuildPhase; buildActionMask = 2147483647; files = (); runOnlyForDeploymentPostprocessing = 0; };
		855658DB1D82D40E4D6811DD = {isa = PBXBuildFile; fileRef = 4097F1BD1DC04BB6ED5B3E1B; };
		8D2D9363CF0943789FE3579A = {isa = PBXFileReference; lastKnownFileType = sourcecode.c.objc; path = "SoilAdsFullscreenViewController.m"; sourceTree = "<group>"; };
		8DC46E1277457AA414AD94C7 = {isa = PBXBuildFile; fileRef = 5F890C94D2D8152C55FB7F61; settings = {COMPILER_FLAGS = "-fobjc-arc"; }; };
		8EED9172F75E67800BE796A3 = {isa = PBXBuildFile; fileRef = 6C07BF80D40C092A048E2F4C; };
		90067BF3098C41DE9783C0A2 = {isa = PBXBuildFile; fileRef = 213ECC9BC59167C0CCD17978; settings = {COMPILER_FLAGS = "-fobjc-arc -fobjc-exceptions"; }; };
		921BD546B6F9F06823EF6867 = {isa = PBXFileReference; lastKnownFileType = sourcecode.c.objc; path = "SoilAdsTestSupport.m"; sourceTree = "<group>"; };
		94ACCD9D95561016200CD989 = {isa = PBXFileReference; lastKnownFileType = sourcecode.c.h; path = "SoilAdsUI.h"; sourceTree = "<group>"; };
		9DD1B8E63D4457835CD14A79 = {isa = PBXResourcesBuildPhase; buildActionMask = 2147483647; files = (); runOnlyForDeploymentPostprocessing = 0; };
		A0D8BDAEEED74F860AC8848A = {isa = PBXGroup; children = (EAF17FA0AF1102FC5517615C, 2845BC0AB5CD63F01EC40047, 2D25B1EB5D02847D4B182C4D, 5F890C94D2D8152C55FB7F61, 42C855052460005208ECA01B, 8D2D9363CF0943789FE3579A, 32E72C2E57C90759F79A868E, E428FA09BCF7489E1C694A47, 30F535447FFAE2F459BC2673, C6E9B1D754E69C621FD00DFE, 3522A87A46300F7FA87E338C, FCD2FCA23117F684506506D3, 7FCA17D22EC70981D4FF3AE5, 213ECC9BC59167C0CCD17978, 94ACCD9D95561016200CD989, 006940F2D8E280D5DAB99881, 51D80082A37320DE4C325740,); path = "../../Assets/FlyingAcorn/Soil/Advertisement/Plugins/iOS/SoilAds"; sourceTree = SOURCE_ROOT; };
		A1806D8FE767B99D399E13F3 = {isa = XCConfigurationList; buildConfigurations = (D48F58F8CA231B2301441318, ); defaultConfigurationIsVisible = 0; defaultConfigurationName = Debug; };
		A188127512C66D57A23DD573 = {isa = PBXFileReference; lastKnownFileType = image.png; path = "broken.png"; sourceTree = "<group>"; };
		A301BADBBEDB4D3264BA07C7 = {isa = XCBuildConfiguration; buildSettings = {PRODUCT_NAME = "SoilAdsTests"; PRODUCT_BUNDLE_IDENTIFIER = "com.flyingacorn.soil.ads.harness.tests"; GENERATE_INFOPLIST_FILE = "YES"; TEST_HOST = "$(BUILT_PRODUCTS_DIR)/SoilAdsHost.app/SoilAdsHost"; BUNDLE_LOADER = "$(TEST_HOST)"; GCC_ENABLE_OBJC_EXCEPTIONS = "YES"; IPHONEOS_DEPLOYMENT_TARGET = "13.0"; COMPRESS_PNG_FILES = "NO"; STRIP_PNG_TEXT = "NO";}; name = Debug; };
		AB87E83E2ECA1088821615D7 = {isa = XCConfigurationList; buildConfigurations = (A301BADBBEDB4D3264BA07C7, ); defaultConfigurationIsVisible = 0; defaultConfigurationName = Debug; };
		AF65BE52F901F3499D1547D6 = {isa = PBXBuildFile; fileRef = 48DC3B621DA038013218A01B; };
		B3EFEEBA5D912EFDF06549AC = {isa = PBXBuildFile; fileRef = 519B5FC0F82C5373EE1B77B6; };
		BB18D6614F575ED34ECC784A = {isa = PBXBuildFile; fileRef = 22D4CEF7E62CBD908EA1AFAE; };
		BF2FF76E2E038F8A434AA3F7 = {isa = PBXBuildFile; fileRef = 921BD546B6F9F06823EF6867; };
		C6A6245CE1A229691B24A5CC = {isa = PBXBuildFile; fileRef = 51D80082A37320DE4C325740; settings = {COMPILER_FLAGS = "-fobjc-arc"; }; };
		C6E9B1D754E69C621FD00DFE = {isa = PBXFileReference; lastKnownFileType = sourcecode.c.objc; path = "SoilAdsManager.m"; sourceTree = "<group>"; };
		CA2E18C6E160283E66609ED5 = {isa = PBXFrameworksBuildPhase; buildActionMask = 2147483647; files = (); runOnlyForDeploymentPostprocessing = 0; };
		CAA63A05C7C062564692968C = {isa = PBXSourcesBuildPhase; buildActionMask = 2147483647; files = (E5F5B9BDEE94E0D199150153, 8DC46E1277457AA414AD94C7, E24A08055374616CAEFF0E32, 45DBCAE26EB53F99B2F6511D, 165270D7F817EA11054D9809, 2A9B7FBC79327430296BC1CB, 90067BF3098C41DE9783C0A2, EF0F7231FEF0FB46EEDAD53E, C6A6245CE1A229691B24A5CC, 481C9A5ED611C72D939C0CE6, 6F15B260B58D1C25B061224F,); runOnlyForDeploymentPostprocessing = 0; };
		CB5C684AD3040DFFE0F49AD6 = {isa = PBXBuildFile; fileRef = 13E4235D5BC3295802597D8D; };
		D48F58F8CA231B2301441318 = {isa = XCBuildConfiguration; buildSettings = {SDKROOT = "iphoneos"; SUPPORTED_PLATFORMS = "iphonesimulator iphoneos"; IPHONEOS_DEPLOYMENT_TARGET = "12.0"; CLANG_ENABLE_OBJC_ARC = "YES"; CLANG_ENABLE_MODULES = "YES"; GCC_C_LANGUAGE_STANDARD = "c11"; ONLY_ACTIVE_ARCH = "YES"; DEBUG_INFORMATION_FORMAT = "dwarf"; GCC_OPTIMIZATION_LEVEL = "0"; ENABLE_TESTABILITY = "YES"; CODE_SIGN_IDENTITY = "-"; CODE_SIGN_STYLE = "Manual"; HEADER_SEARCH_PATHS = ("$(SRCROOT)/../../Assets/FlyingAcorn/Soil/Advertisement/Plugins/iOS/SoilAds", "$(SRCROOT)/HostApp",); TARGETED_DEVICE_FAMILY = "1,2";}; name = Debug; };
		D5A7FBF743DA780A0CF06F3E = {isa = PBXNativeTarget; buildConfigurationList = 00F7D7051F49C28E644ECC46; buildPhases = (CAA63A05C7C062564692968C, 83FF09A9489DBEA664BB596E, 9DD1B8E63D4457835CD14A79,); buildRules = (); dependencies = (); name = SoilAdsHost; productName = SoilAdsHost; productReference = ED8A374E8EFF87D55770A453; productType = "com.apple.product-type.application"; };
		DB3A02C637926599736AADD4 = {isa = PBXFileReference; lastKnownFileType = sourcecode.c.h; path = "SoilAdsTestSupport.h"; sourceTree = "<group>"; };
		E24A08055374616CAEFF0E32 = {isa = PBXBuildFile; fileRef = 8D2D9363CF0943789FE3579A; settings = {COMPILER_FLAGS = "-fobjc-arc"; }; };
		E428FA09BCF7489E1C694A47 = {isa = PBXFileReference; lastKnownFileType = sourcecode.c.objc; path = "SoilAdsLockPolicy.m"; sourceTree = "<group>"; };
		E54DEBD65D8142E7785275AA = {isa = PBXTargetDependency; target = D5A7FBF743DA780A0CF06F3E; targetProxy = 431387EB7262E1CFC79B125E; };
		E5F5B9BDEE94E0D199150153 = {isa = PBXBuildFile; fileRef = 2845BC0AB5CD63F01EC40047; settings = {COMPILER_FLAGS = "-fobjc-arc"; }; };
		EAF17FA0AF1102FC5517615C = {isa = PBXFileReference; lastKnownFileType = sourcecode.c.h; path = "SoilAdsBannerView.h"; sourceTree = "<group>"; };
		ED8A374E8EFF87D55770A453 = {isa = PBXFileReference; explicitFileType = wrapper.application; includeInIndex = 0; path = "SoilAdsHost.app"; sourceTree = BUILT_PRODUCTS_DIR; };
		EF0F7231FEF0FB46EEDAD53E = {isa = PBXBuildFile; fileRef = 006940F2D8E280D5DAB99881; settings = {COMPILER_FLAGS = "-fobjc-arc"; }; };
		F709AF24D7E79D5860965FC7 = {isa = PBXSourcesBuildPhase; buildActionMask = 2147483647; files = (BB18D6614F575ED34ECC784A, AF65BE52F901F3499D1547D6, 8EED9172F75E67800BE796A3, B3EFEEBA5D912EFDF06549AC, BF2FF76E2E038F8A434AA3F7,); runOnlyForDeploymentPostprocessing = 0; };
		FCD2FCA23117F684506506D3 = {isa = PBXFileReference; lastKnownFileType = sourcecode.c.objc; path = "SoilAdsMediaLoader.m"; sourceTree = "<group>"; };
		FDE75BCD43611381F868F921 = {isa = PBXBuildFile; fileRef = A188127512C66D57A23DD573; };
	};
	rootObject = 46F86FAA6BBF9AC94A7E4595;
}
