<?xml version="1.0" encoding="UTF-8"?>
<Scheme LastUpgradeVersion = "1600" version = "1.7">
   <BuildAction parallelizeBuildables = "YES" buildImplicitDependencies = "YES">
      <BuildActionEntries>
         <BuildActionEntry buildForTesting = "YES" buildForRunning = "YES" buildForProfiling = "YES" buildForArchiving = "YES" buildForAnalyzing = "YES">
            <BuildableReference BuildableIdentifier = "primary" BlueprintIdentifier = "D5A7FBF743DA780A0CF06F3E" BuildableName = "SoilAdsHost.app" BlueprintName = "SoilAdsHost" ReferencedContainer = "container:SoilAdsHarness.xcodeproj"/>
         </BuildActionEntry>
      </BuildActionEntries>
   </BuildAction>
   <TestAction buildConfiguration = "Debug" selectedDebuggerIdentifier = "Xcode.DebuggerFoundation.Debugger.LLDB" selectedLauncherIdentifier = "Xcode.DebuggerFoundation.Launcher.LLDB" shouldUseLaunchSchemeArgsEnv = "YES">
      <Testables>
         <TestableReference skipped = "NO">
            <BuildableReference BuildableIdentifier = "primary" BlueprintIdentifier = "4B5EEFFA795B6C337B7C8B7F" BuildableName = "SoilAdsTests.xctest" BlueprintName = "SoilAdsTests" ReferencedContainer = "container:SoilAdsHarness.xcodeproj"/>
         </TestableReference>
      </Testables>
   </TestAction>
   <LaunchAction buildConfiguration = "Debug" selectedDebuggerIdentifier = "Xcode.DebuggerFoundation.Debugger.LLDB" selectedLauncherIdentifier = "Xcode.DebuggerFoundation.Launcher.LLDB" launchStyle = "0" useCustomWorkingDirectory = "NO" ignoresPersistentStateOnLaunch = "NO" debugDocumentVersioning = "YES" debugServiceExtension = "internal" allowLocationSimulation = "YES">
      <BuildableProductRunnable runnableDebuggingMode = "0">
         <BuildableReference BuildableIdentifier = "primary" BlueprintIdentifier = "D5A7FBF743DA780A0CF06F3E" BuildableName = "SoilAdsHost.app" BlueprintName = "SoilAdsHost" ReferencedContainer = "container:SoilAdsHarness.xcodeproj"/>
      </BuildableProductRunnable>
   </LaunchAction>
</Scheme>
